// !$*UTF8*$!
{
	archiveVersion = 1;
	classes = {
	};
	objectVersion = 45;
	objects = {

/* Begin PBXBuildFile section */
		8D11072D0486CEB800E47090 /* main.m in Sources */ = {isa = PBXBuildFile; fileRef = 29B97316FDCFA39411CA2CEA /* main.m */; settings = {ATTRIBUTES = (); }; };
		8D11072F0486CEB800E47090 /* Cocoa.framework in Frameworks */ = {isa = PBXBuildFile; fileRef = 1058C7A1FEA54F0111CA2CBB /* Cocoa.framework */; };
		FA1373700E10E5F00092B471 /* SI_Menu.xib in Resources */ = {isa = PBXBuildFile; fileRef = FA13736F0E10E5F00092B471 /* SI_Menu.xib */; };
		FA1373980E10E6030092B471 /* SI_Main.xib in Resources */ = {isa = PBXBuildFile; fileRef = FA1373970E10E6030092B471 /* SI_Main.xib */; };
		FA1373A00E10E6130092B471 /* SI_ChangeLog.xib in Resources */ = {isa = PBXBuildFile; fileRef = FA13739F0E10E6130092B471 /* SI_ChangeLog.xib */; };
		FA1373BD0E10E6FA0092B471 /* SI_UpdatesView.xib in Resources */ = {isa = PBXBuildFile; fileRef = FA1373BC0E10E6FA0092B471 /* SI_UpdatesView.xib */; };
		FA1603AC0D98817900C80C50 /* CoreServices.framework in Frameworks */ = {isa = PBXBuildFile; fileRef = FA1602E60D98812100C80C50 /* CoreServices.framework */; };
		FA1603AD0D98817C00C80C50 /* SetHasCustomIcon.c in Sources */ = {isa = PBXBuildFile; fileRef = FA1602DC0D9880E400C80C50 /* SetHasCustomIcon.c */; settings = {COMPILER_FLAGS = "-w"; }; };
		FA1603E70D98841800C80C50 /* SetHasCustomIcon in Copy Executables */ = {isa = PBXBuildFile; fileRef = FA1602F30D98816700C80C50 /* SetHasCustomIcon */; };
		FA5BE0980D980AA700C1A937 /* Security.framework in Frameworks */ = {isa = PBXBuildFile; fileRef = FA5BE0970D980AA700C1A937 /* Security.framework */; };
		FA5BE1740D981F4C00C1A937 /* DPAuthFileManager.m in Sources */ = {isa = PBXBuildFile; fileRef = FA5BE1730D981F4C00C1A937 /* DPAuthFileManager.m */; };
		FA5BE4930D986C9700C1A937 /* Credits.rtf in Resources */ = {isa = PBXBuildFile; fileRef = FA5BE4920D986C9700C1A937 /* Credits.rtf */; };
		FA63065D0D9A9B3F00F27C65 /* ChangeLog.rtf in Resources */ = {isa = PBXBuildFile; fileRef = FA63065C0D9A9B3F00F27C65 /* ChangeLog.rtf */; };
		FA6E9D450D9D554B00276786 /* SI_ChangeLogController.m in Sources */ = {isa = PBXBuildFile; fileRef = FA6E9D440D9D554B00276786 /* SI_ChangeLogController.m */; };
		FAA4E94E0D971B3F0062DD8D /* DPImageView.m in Sources */ = {isa = PBXBuildFile; fileRef = FAA4E94D0D971B3F0062DD8D /* DPImageView.m */; };
		FAA9B4200F93A5C300838141 /* NSImage+MGCropExtensions.m in Sources */ = {isa = PBXBuildFile; fileRef = FAA9B41F0F93A5C300838141 /* NSImage+MGCropExtensions.m */; };
		FAB52C680D96A14100DAD8D5 /* SI_MenuController.m in Sources */ = {isa = PBXBuildFile; fileRef = FAB52C650D96A14100DAD8D5 /* SI_MenuController.m */; };
		FAB52C690D96A14100DAD8D5 /* SI_WindowController.m in Sources */ = {isa = PBXBuildFile; fileRef = FAB52C670D96A14100DAD8D5 /* SI_WindowController.m */; };
		FAB52D7A0D96AFCD00DAD8D5 /* SI_MainController.m in Sources */ = {isa = PBXBuildFile; fileRef = FAB52D790D96AFCD00DAD8D5 /* SI_MainController.m */; };
		FADD83D30D9910DF00C5CFF6 /* SS_PrefsController.m in Sources */ = {isa = PBXBuildFile; fileRef = FADD83D20D9910DF00C5CFF6 /* SS_PrefsController.m */; };
		FADD842A0D9912A800C5CFF6 /* Cocoa.framework in Frameworks */ = {isa = PBXBuildFile; fileRef = 1058C7A1FEA54F0111CA2CBB /* Cocoa.framework */; };
		FADD84490D99138C00C5CFF6 /* Updates.preferencePane in Copy Preference Panes */ = {isa = PBXBuildFile; fileRef = FADD84230D99123E00C5CFF6 /* Updates.preferencePane */; };
		FADD84980D99157200C5CFF6 /* SI_UpdatePrefController.m in Sources */ = {isa = PBXBuildFile; fileRef = FADD84970D99157200C5CFF6 /* SI_UpdatePrefController.m */; };
		FADD86570D99237500C5CFF6 /* SI_StartupChecks.m in Sources */ = {isa = PBXBuildFile; fileRef = FADD86560D99237500C5CFF6 /* SI_StartupChecks.m */; };
		FADD871F0D992DF700C5CFF6 /* SI_UpdateIcon.tif in Resources */ = {isa = PBXBuildFile; fileRef = FADD871E0D992DF700C5CFF6 /* SI_UpdateIcon.tif */; };
		FADD87550D9947C500C5CFF6 /* SI_Icon.icns in Resources */ = {isa = PBXBuildFile; fileRef = FADD87540D9947C500C5CFF6 /* SI_Icon.icns */; };
		FAE9E8300D969A1C00854FC8 /* Foundation.framework in Frameworks */ = {isa = PBXBuildFile; fileRef = 29B97325FDCFA39411CA2CEA /* Foundation.framework */; };
		FAE9E8380D969A8F00854FC8 /* InfoPlist.strings in Resources */ = {isa = PBXBuildFile; fileRef = 089C165DFE840E0CC02AAC07 /* InfoPlist.strings */; };
		FAEB499D0E11144D002756FC /* NSImage+IconData.m in Sources */ = {isa = PBXBuildFile; fileRef = FAEB499C0E11144D002756FC /* NSImage+IconData.m */; };
		FAEB49D30E111578002756FC /* Accelerate.framework in Frameworks */ = {isa = PBXBuildFile; fileRef = FAEB49D20E111578002756FC /* Accelerate.framework */; };
		FAF3D96F0E0C00D900A9E6F6 /* Sparkle.framework in Frameworks */ = {isa = PBXBuildFile; fileRef = FAF3D96E0E0C00D900A9E6F6 /* Sparkle.framework */; };
		FAF3D9760E0C00DE00A9E6F6 /* Sparkle.framework in Copy Frameworks */ = {isa = PBXBuildFile; fileRef = FAF3D96E0E0C00D900A9E6F6 /* Sparkle.framework */; };
/* End PBXBuildFile section */

/* Begin PBXContainerItemProxy section */
		FA1603BF0D9881C800C80C50 /* PBXContainerItemProxy */ = {
			isa = PBXContainerItemProxy;
			containerPortal = 29B97313FDCFA39411CA2CEA /* Project object */;
			proxyType = 1;
			remoteGlobalIDString = FA1602F20D98816700C80C50;
			remoteInfo = SetHasCustomIcon;
		};
		FADD84310D99130800C5CFF6 /* PBXContainerItemProxy */ = {
			isa = PBXContainerItemProxy;
			containerPortal = 29B97313FDCFA39411CA2CEA /* Project object */;
			proxyType = 1;
			remoteGlobalIDString = FADD84220D99123E00C5CFF6;
			remoteInfo = Updates;
		};
/* End PBXContainerItemProxy section */

/* Begin PBXCopyFilesBuildPhase section */
		FA1603E60D98840A00C80C50 /* Copy Executables */ = {
			isa = PBXCopyFilesBuildPhase;
			buildActionMask = 2147483647;
			dstPath = "";
			dstSubfolderSpec = 6;
			files = (
				FA1603E70D98841800C80C50 /* SetHasCustomIcon in Copy Executables */,
			);
			name = "Copy Executables";
			runOnlyForDeploymentPostprocessing = 0;
		};
		FADD871B0D992D8E00C5CFF6 /* Copy Preference Panes */ = {
			isa = PBXCopyFilesBuildPhase;
			buildActionMask = 2147483647;
			dstPath = "../Preference Panes";
			dstSubfolderSpec = 7;
			files = (
				FADD84490D99138C00C5CFF6 /* Updates.preferencePane in Copy Preference Panes */,
			);
			name = "Copy Preference Panes";
			runOnlyForDeploymentPostprocessing = 0;
		};
		FAE9E8350D969A5500854FC8 /* Copy Frameworks */ = {
			isa = PBXCopyFilesBuildPhase;
			buildActionMask = 2147483647;
			dstPath = "";
			dstSubfolderSpec = 10;
			files = (
				FAF3D9760E0C00DE00A9E6F6 /* Sparkle.framework in Copy Frameworks */,
			);
			name = "Copy Frameworks";
			runOnlyForDeploymentPostprocessing = 0;
		};
/* End PBXCopyFilesBuildPhase section */

/* Begin PBXFileReference section */
		089C165DFE840E0CC02AAC07 /* InfoPlist.strings */ = {isa = PBXFileReference; fileEncoding = 10; lastKnownFileType = text.plist.strings; path = InfoPlist.strings; sourceTree = "<group>"; };
		1058C7A1FEA54F0111CA2CBB /* Cocoa.framework */ = {isa = PBXFileReference; lastKnownFileType = wrapper.framework; name = Cocoa.framework; path = /System/Library/Frameworks/Cocoa.framework; sourceTree = "<absolute>"; };
		29B97316FDCFA39411CA2CEA /* main.m */ = {isa = PBXFileReference; fileEncoding = 4; lastKnownFileType = sourcecode.c.objc; path = main.m; sourceTree = "<group>"; };
		29B97325FDCFA39411CA2CEA /* Foundation.framework */ = {isa = PBXFileReference; lastKnownFileType = wrapper.framework; name = Foundation.framework; path = /System/Library/Frameworks/Foundation.framework; sourceTree = "<absolute>"; };
		32CA4F630368D1EE00C91783 /* Set Icon_Prefix.pch */ = {isa = PBXFileReference; fileEncoding = 4; lastKnownFileType = sourcecode.c.h; path = "Set Icon_Prefix.pch"; sourceTree = "<group>"; };
		8D1107310486CEB800E47090 /* Info.plist */ = {isa = PBXFileReference; fileEncoding = 4; lastKnownFileType = text.plist.xml; path = Info.plist; sourceTree = "<group>"; };
		8D1107320486CEB800E47090 /* Set Icon.app */ = {isa = PBXFileReference; explicitFileType = wrapper.application; includeInIndex = 0; path = "Set Icon.app"; sourceTree = BUILT_PRODUCTS_DIR; };
		FA13736F0E10E5F00092B471 /* SI_Menu.xib */ = {isa = PBXFileReference; lastKnownFileType = file.xib; path = SI_Menu.xib; sourceTree = "<group>"; };
		FA1373970E10E6030092B471 /* SI_Main.xib */ = {isa = PBXFileReference; lastKnownFileType = file.xib; path = SI_Main.xib; sourceTree = "<group>"; };
		FA13739F0E10E6130092B471 /* SI_ChangeLog.xib */ = {isa = PBXFileReference; lastKnownFileType = file.xib; path = SI_ChangeLog.xib; sourceTree = "<group>"; };
		FA1373BC0E10E6FA0092B471 /* SI_UpdatesView.xib */ = {isa = PBXFileReference; lastKnownFileType = file.xib; path = SI_UpdatesView.xib; sourceTree = "<group>"; };
		FA1602DC0D9880E400C80C50 /* SetHasCustomIcon.c */ = {isa = PBXFileReference; fileEncoding = 4; lastKnownFileType = sourcecode.c.c; path = SetHasCustomIcon.c; sourceTree = "<group>"; };
		FA1602E60D98812100C80C50 /* CoreServices.framework */ = {isa = PBXFileReference; lastKnownFileType = wrapper.framework; name = CoreServices.framework; path = System/Library/Frameworks/CoreServices.framework; sourceTree = SDKROOT; };
		FA1602F30D98816700C80C50 /* SetHasCustomIcon */ = {isa = PBXFileReference; explicitFileType = "compiled.mach-o.executable"; includeInIndex = 0; path = SetHasCustomIcon; sourceTree = BUILT_PRODUCTS_DIR; };
		FA5BE0970D980AA700C1A937 /* Security.framework */ = {isa = PBXFileReference; lastKnownFileType = wrapper.framework; name = Security.framework; path = System/Library/Frameworks/Security.framework; sourceTree = SDKROOT; };
		FA5BE1720D981F4C00C1A937 /* DPAuthFileManager.h */ = {isa = PBXFileReference; fileEncoding = 4; lastKnownFileType = sourcecode.c.h; path = DPAuthFileManager.h; sourceTree = "<group>"; };
		FA5BE1730D981F4C00C1A937 /* DPAuthFileManager.m */ = {isa = PBXFileReference; fileEncoding = 4; lastKnownFileType = sourcecode.c.objc; path = DPAuthFileManager.m; sourceTree = "<group>"; };
		FA5BE4920D986C9700C1A937 /* Credits.rtf */ = {isa = PBXFileReference; lastKnownFileType = text.rtf; path = Credits.rtf; sourceTree = "<group>"; };
		FA63065C0D9A9B3F00F27C65 /* ChangeLog.rtf */ = {isa = PBXFileReference; lastKnownFileType = text.rtf; path = ChangeLog.rtf; sourceTree = "<group>"; };
		FA6E9D430D9D554B00276786 /* SI_ChangeLogController.h */ = {isa = PBXFileReference; fileEncoding = 4; lastKnownFileType = sourcecode.c.h; path = SI_ChangeLogController.h; sourceTree = "<group>"; };
		FA6E9D440D9D554B00276786 /* SI_ChangeLogController.m */ = {isa = PBXFileReference; fileEncoding = 4; lastKnownFileType = sourcecode.c.objc; path = SI_ChangeLogController.m; sourceTree = "<group>"; };
		FAA4E94C0D971B3F0062DD8D /* DPImageView.h */ = {isa = PBXFileReference; fileEncoding = 4; lastKnownFileType = sourcecode.c.h; path = DPImageView.h; sourceTree = "<group>"; };
		FAA4E94D0D971B3F0062DD8D /* DPImageView.m */ = {isa = PBXFileReference; fileEncoding = 4; lastKnownFileType = sourcecode.c.objc; path = DPImageView.m; sourceTree = "<group>"; };
		FAA9B41E0F93A5C300838141 /* NSImage+MGCropExtensions.h */ = {isa = PBXFileReference; fileEncoding = 4; lastKnownFileType = sourcecode.c.h; path = "NSImage+MGCropExtensions.h"; sourceTree = "<group>"; };
		FAA9B41F0F93A5C300838141 /* NSImage+MGCropExtensions.m */ = {isa = PBXFileReference; fileEncoding = 4; lastKnownFileType = sourcecode.c.objc; path = "NSImage+MGCropExtensions.m"; sourceTree = "<group>"; };
		FAB52C640D96A14100DAD8D5 /* SI_MenuController.h */ = {isa = PBXFileReference; fileEncoding = 4; lastKnownFileType = sourcecode.c.h; path = SI_MenuController.h; sourceTree = "<group>"; };
		FAB52C650D96A14100DAD8D5 /* SI_MenuController.m */ = {isa = PBXFileReference; fileEncoding = 4; lastKnownFileType = sourcecode.c.objc; path = SI_MenuController.m; sourceTree = "<group>"; };
		FAB52C660D96A14100DAD8D5 /* SI_WindowController.h */ = {isa = PBXFileReference; fileEncoding = 4; lastKnownFileType = sourcecode.c.h; path = SI_WindowController.h; sourceTree = "<group>"; };
		FAB52C670D96A14100DAD8D5 /* SI_WindowController.m */ = {isa = PBXFileReference; fileEncoding = 4; lastKnownFileType = sourcecode.c.objc; path = SI_WindowController.m; sourceTree = "<group>"; };
		FAB52D780D96AFCD00DAD8D5 /* SI_MainController.h */ = {isa = PBXFileReference; fileEncoding = 4; lastKnownFileType = sourcecode.c.h; path = SI_MainController.h; sourceTree = "<group>"; };
		FAB52D790D96AFCD00DAD8D5 /* SI_MainController.m */ = {isa = PBXFileReference; fileEncoding = 4; lastKnownFileType = sourcecode.c.objc; path = SI_MainController.m; sourceTree = "<group>"; };
		FADD83D10D9910DF00C5CFF6 /* SS_PrefsController.h */ = {isa = PBXFileReference; fileEncoding = 4; lastKnownFileType = sourcecode.c.h; path = SS_PrefsController.h; sourceTree = "<group>"; };
		FADD83D20D9910DF00C5CFF6 /* SS_PrefsController.m */ = {isa = PBXFileReference; fileEncoding = 4; lastKnownFileType = sourcecode.c.objc; path = SS_PrefsController.m; sourceTree = "<group>"; };
		FADD83D50D99116600C5CFF6 /* SS_PreferencePaneProtocol.h */ = {isa = PBXFileReference; fileEncoding = 4; lastKnownFileType = sourcecode.c.h; path = SS_PreferencePaneProtocol.h; sourceTree = "<group>"; };
		FADD841A0D9911EA00C5CFF6 /* Updates-Info.plist */ = {isa = PBXFileReference; lastKnownFileType = text.plist.xml; path = "Updates-Info.plist"; sourceTree = "<group>"; };
		FADD84230D99123E00C5CFF6 /* Updates.preferencePane */ = {isa = PBXFileReference; explicitFileType = wrapper.cfbundle; includeInIndex = 0; path = Updates.preferencePane; sourceTree = BUILT_PRODUCTS_DIR; };
		FADD84960D99157200C5CFF6 /* SI_UpdatePrefController.h */ = {isa = PBXFileReference; fileEncoding = 4; lastKnownFileType = sourcecode.c.h; path = SI_UpdatePrefController.h; sourceTree = "<group>"; };
		FADD84970D99157200C5CFF6 /* SI_UpdatePrefController.m */ = {isa = PBXFileReference; fileEncoding = 4; lastKnownFileType = sourcecode.c.objc; path = SI_UpdatePrefController.m; sourceTree = "<group>"; };
		FADD86550D99237500C5CFF6 /* SI_StartupChecks.h */ = {isa = PBXFileReference; fileEncoding = 4; lastKnownFileType = sourcecode.c.h; path = SI_StartupChecks.h; sourceTree = "<group>"; };
		FADD86560D99237500C5CFF6 /* SI_StartupChecks.m */ = {isa = PBXFileReference; fileEncoding = 4; lastKnownFileType = sourcecode.c.objc; path = SI_StartupChecks.m; sourceTree = "<group>"; };
		FADD871E0D992DF700C5CFF6 /* SI_UpdateIcon.tif */ = {isa = PBXFileReference; lastKnownFileType = image.tiff; path = SI_UpdateIcon.tif; sourceTree = "<group>"; };
		FADD87540D9947C500C5CFF6 /* SI_Icon.icns */ = {isa = PBXFileReference; lastKnownFileType = image.icns; path = SI_Icon.icns; sourceTree = "<group>"; };
		FAEB499B0E11144D002756FC /* NSImage+IconData.h */ = {isa = PBXFileReference; fileEncoding = 4; lastKnownFileType = sourcecode.c.h; path = "NSImage+IconData.h"; sourceTree = "<group>"; };
		FAEB499C0E11144D002756FC /* NSImage+IconData.m */ = {isa = PBXFileReference; fileEncoding = 4; lastKnownFileType = sourcecode.c.objc; path = "NSImage+IconData.m"; sourceTree = "<group>"; };
		FAEB49D20E111578002756FC /* Accelerate.framework */ = {isa = PBXFileReference; lastKnownFileType = wrapper.framework; name = Accelerate.framework; path = System/Library/Frameworks/Accelerate.framework; sourceTree = SDKROOT; };
		FAF3D96E0E0C00D900A9E6F6 /* Sparkle.framework */ = {isa = PBXFileReference; lastKnownFileType = wrapper.framework; path = Sparkle.framework; sourceTree = "<group>"; };
/* End PBXFileReference section */

/* Begin PBXFrameworksBuildPhase section */
		8D11072E0486CEB800E47090 /* Frameworks */ = {
			isa = PBXFrameworksBuildPhase;
			buildActionMask = 2147483647;
			files = (
				FAE9E8300D969A1C00854FC8 /* Foundation.framework in Frameworks */,
				8D11072F0486CEB800E47090 /* Cocoa.framework in Frameworks */,
				FA5BE0980D980AA700C1A937 /* Security.framework in Frameworks */,
				FAF3D96F0E0C00D900A9E6F6 /* Sparkle.framework in Frameworks */,
				FAEB49D30E111578002756FC /* Accelerate.framework in Frameworks */,
			);
			runOnlyForDeploymentPostprocessing = 0;
		};
		FA1602F10D98816700C80C50 /* Frameworks */ = {
			isa = PBXFrameworksBuildPhase;
			buildActionMask = 2147483647;
			files = (
				FA1603AC0D98817900C80C50 /* CoreServices.framework in Frameworks */,
			);
			runOnlyForDeploymentPostprocessing = 0;
		};
		FADD84210D99123E00C5CFF6 /* Frameworks */ = {
			isa = PBXFrameworksBuildPhase;
			buildActionMask = 2147483647;
			files = (
				FADD842A0D9912A800C5CFF6 /* Cocoa.framework in Frameworks */,
			);
			runOnlyForDeploymentPostprocessing = 0;
		};
/* End PBXFrameworksBuildPhase section */

/* Begin PBXGroup section */
		080E96DDFE201D6D7F000001 /* Application */ = {
			isa = PBXGroup;
			children = (
				FAB52C640D96A14100DAD8D5 /* SI_MenuController.h */,
				FAB52C650D96A14100DAD8D5 /* SI_MenuController.m */,
				FAB52C660D96A14100DAD8D5 /* SI_WindowController.h */,
				FAB52C670D96A14100DAD8D5 /* SI_WindowController.m */,
				FAB52D780D96AFCD00DAD8D5 /* SI_MainController.h */,
				FAB52D790D96AFCD00DAD8D5 /* SI_MainController.m */,
				FADD86550D99237500C5CFF6 /* SI_StartupChecks.h */,
				FADD86560D99237500C5CFF6 /* SI_StartupChecks.m */,
				FA6E9D430D9D554B00276786 /* SI_ChangeLogController.h */,
				FA6E9D440D9D554B00276786 /* SI_ChangeLogController.m */,
			);
			name = Application;
			sourceTree = "<group>";
		};
		19C28FACFE9D520D11CA2CBB /* Products */ = {
			isa = PBXGroup;
			children = (
				8D1107320486CEB800E47090 /* Set Icon.app */,
				FA1602F30D98816700C80C50 /* SetHasCustomIcon */,
				FADD84230D99123E00C5CFF6 /* Updates.preferencePane */,
			);
			name = Products;
			sourceTree = "<group>";
		};
		29B97314FDCFA39411CA2CEA /* Set Icon */ = {
			isa = PBXGroup;
			children = (
				FAE9E7B00D9699C800854FC8 /* Sources */,
				29B97317FDCFA39411CA2CEA /* Resources */,
				FA1603C20D9881D600C80C50 /* SetHasCustomIcon */,
				FADD842F0D9912C300C5CFF6 /* Preference Panes */,
				29B97323FDCFA39411CA2CEA /* Frameworks */,
				19C28FACFE9D520D11CA2CBB /* Products */,
			);
			name = "Set Icon";
			sourceTree = "<group>";
		};
		29B97315FDCFA39411CA2CEA /* Misc */ = {
			isa = PBXGroup;
			children = (
				32CA4F630368D1EE00C91783 /* Set Icon_Prefix.pch */,
				29B97316FDCFA39411CA2CEA /* main.m */,
			);
			name = Misc;
			sourceTree = "<group>";
		};
		29B97317FDCFA39411CA2CEA /* Resources */ = {
			isa = PBXGroup;
			children = (
				FADD87530D9947A800C5CFF6 /* Images */,
				FAE9E8370D969A7700854FC8 /* Interface */,
				FAE9E8360D969A6900854FC8 /* Text & Property List */,
			);
			name = Resources;
			sourceTree = "<group>";
		};
		29B97323FDCFA39411CA2CEA /* Frameworks */ = {
			isa = PBXGroup;
			children = (
				FAEB49D20E111578002756FC /* Accelerate.framework */,
				FAF3D96E0E0C00D900A9E6F6 /* Sparkle.framework */,
				FA5BE0970D980AA700C1A937 /* Security.framework */,
				29B97325FDCFA39411CA2CEA /* Foundation.framework */,
				1058C7A1FEA54F0111CA2CBB /* Cocoa.framework */,
			);
			name = Frameworks;
			sourceTree = "<group>";
		};
		FA1603C20D9881D600C80C50 /* SetHasCustomIcon */ = {
			isa = PBXGroup;
			children = (
				FA1603C30D9881E400C80C50 /* Classes */,
				FA1603C40D9881F100C80C50 /* Frameworks */,
			);
			name = SetHasCustomIcon;
			sourceTree = "<group>";
		};
		FA1603C30D9881E400C80C50 /* Classes */ = {
			isa = PBXGroup;
			children = (
				FA1602DC0D9880E400C80C50 /* SetHasCustomIcon.c */,
			);
			name = Classes;
			sourceTree = "<group>";
		};
		FA1603C40D9881F100C80C50 /* Frameworks */ = {
			isa = PBXGroup;
			children = (
				FA1602E60D98812100C80C50 /* CoreServices.framework */,
			);
			name = Frameworks;
			sourceTree = "<group>";
		};
		FA5BE4940D986E0300C1A937 /* Third Party Classes */ = {
			isa = PBXGroup;
			children = (
				FAA9B41E0F93A5C300838141 /* NSImage+MGCropExtensions.h */,
				FAA9B41F0F93A5C300838141 /* NSImage+MGCropExtensions.m */,
				FAEB499B0E11144D002756FC /* NSImage+IconData.h */,
				FAEB499C0E11144D002756FC /* NSImage+IconData.m */,
				FADD83D60D99116800C5CFF6 /* SS_PrefsController */,
			);
			name = "Third Party Classes";
			sourceTree = "<group>";
		};
		FAA4E9440D971AF80062DD8D /* Custom Classes */ = {
			isa = PBXGroup;
			children = (
				FAA4E94C0D971B3F0062DD8D /* DPImageView.h */,
				FAA4E94D0D971B3F0062DD8D /* DPImageView.m */,
				FA5BE1720D981F4C00C1A937 /* DPAuthFileManager.h */,
				FA5BE1730D981F4C00C1A937 /* DPAuthFileManager.m */,
			);
			name = "Custom Classes";
			sourceTree = "<group>";
		};
		FADD83D60D99116800C5CFF6 /* SS_PrefsController */ = {
			isa = PBXGroup;
			children = (
				FADD83D50D99116600C5CFF6 /* SS_PreferencePaneProtocol.h */,
				FADD83D10D9910DF00C5CFF6 /* SS_PrefsController.h */,
				FADD83D20D9910DF00C5CFF6 /* SS_PrefsController.m */,
			);
			name = SS_PrefsController;
			sourceTree = "<group>";
		};
		FADD842F0D9912C300C5CFF6 /* Preference Panes */ = {
			isa = PBXGroup;
			children = (
				FADD84300D9912D700C5CFF6 /* Updates */,
			);
			name = "Preference Panes";
			sourceTree = "<group>";
		};
		FADD84300D9912D700C5CFF6 /* Updates */ = {
			isa = PBXGroup;
			children = (
				FADD871E0D992DF700C5CFF6 /* SI_UpdateIcon.tif */,
				FA1373BC0E10E6FA0092B471 /* SI_UpdatesView.xib */,
				FADD841A0D9911EA00C5CFF6 /* Updates-Info.plist */,
				FADD84960D99157200C5CFF6 /* SI_UpdatePrefController.h */,
				FADD84970D99157200C5CFF6 /* SI_UpdatePrefController.m */,
			);
			name = Updates;
			sourceTree = "<group>";
		};
		FADD87530D9947A800C5CFF6 /* Images */ = {
			isa = PBXGroup;
			children = (
				FADD87540D9947C500C5CFF6 /* SI_Icon.icns */,
			);
			name = Images;
			sourceTree = "<group>";
		};
		FAE9E7B00D9699C800854FC8 /* Sources */ = {
			isa = PBXGroup;
			children = (
				FA5BE4940D986E0300C1A937 /* Third Party Classes */,
				FAA4E9440D971AF80062DD8D /* Custom Classes */,
				080E96DDFE201D6D7F000001 /* Application */,
				29B97315FDCFA39411CA2CEA /* Misc */,
			);
			name = Sources;
			sourceTree = "<group>";
		};
		FAE9E8360D969A6900854FC8 /* Text & Property List */ = {
			isa = PBXGroup;
			children = (
				FA5BE4920D986C9700C1A937 /* Credits.rtf */,
				8D1107310486CEB800E47090 /* Info.plist */,
				089C165DFE840E0CC02AAC07 /* InfoPlist.strings */,
				FA63065C0D9A9B3F00F27C65 /* ChangeLog.rtf */,
			);
			name = "Text & Property List";
			sourceTree = "<group>";
		};
		FAE9E8370D969A7700854FC8 /* Interface */ = {
			isa = PBXGroup;
			children = (
				FA13736F0E10E5F00092B471 /* SI_Menu.xib */,
				FA1373970E10E6030092B471 /* SI_Main.xib */,
				FA13739F0E10E6130092B471 /* SI_ChangeLog.xib */,
			);
			name = Interface;
			sourceTree = "<group>";
		};
/* End PBXGroup section */

/* Begin PBXNativeTarget section */
		8D1107260486CEB800E47090 /* Set Icon */ = {
			isa = PBXNativeTarget;
			buildConfigurationList = C01FCF4A08A954540054247B /* Build configuration list for PBXNativeTarget "Set Icon" */;
			buildPhases = (
				8D1107290486CEB800E47090 /* Resources */,
				8D11072C0486CEB800E47090 /* Sources */,
				8D11072E0486CEB800E47090 /* Frameworks */,
				FAE9E8350D969A5500854FC8 /* Copy Frameworks */,
				FA1603E60D98840A00C80C50 /* Copy Executables */,
				FADD871B0D992D8E00C5CFF6 /* Copy Preference Panes */,
			);
			buildRules = (
			);
			dependencies = (
				FA1603C00D9881C800C80C50 /* PBXTargetDependency */,
				FADD84320D99130800C5CFF6 /* PBXTargetDependency */,
			);
			name = "Set Icon";
			productInstallPath = "$(HOME)/Applications";
			productName = "Set Icon";
			productReference = 8D1107320486CEB800E47090 /* Set Icon.app */;
			productType = "com.apple.product-type.application";
		};
		FA1602F20D98816700C80C50 /* SetHasCustomIcon */ = {
			isa = PBXNativeTarget;
			buildConfigurationList = FA1603B20D98819A00C80C50 /* Build configuration list for PBXNativeTarget "SetHasCustomIcon" */;
			buildPhases = (
				FA1602F00D98816700C80C50 /* Sources */,
				FA1602F10D98816700C80C50 /* Frameworks */,
			);
			buildRules = (
			);
			dependencies = (
			);
			name = SetHasCustomIcon;
			productName = SetHasCustomIcon;
			productReference = FA1602F30D98816700C80C50 /* SetHasCustomIcon */;
			productType = "com.apple.product-type.tool";
		};
		FADD84220D99123E00C5CFF6 /* Updates */ = {
			isa = PBXNativeTarget;
			buildConfigurationList = FADD84260D99125C00C5CFF6 /* Build configuration list for PBXNativeTarget "Updates" */;
			buildPhases = (
				FADD841F0D99123E00C5CFF6 /* Resources */,
				FADD84200D99123E00C5CFF6 /* Sources */,
				FADD84210D99123E00C5CFF6 /* Frameworks */,
			);
			buildRules = (
			);
			dependencies = (
			);
			name = Updates;
			productName = Updates;
			productReference = FADD84230D99123E00C5CFF6 /* Updates.preferencePane */;
			productType = "com.apple.product-type.bundle";
		};
/* End PBXNativeTarget section */

/* Begin PBXProject section */
		29B97313FDCFA39411CA2CEA /* Project object */ = {
			isa = PBXProject;
			buildConfigurationList = C01FCF4E08A954540054247B /* Build configuration list for PBXProject "Set Icon" */;
			compatibilityVersion = "Xcode 3.1";
			hasScannedForEncodings = 1;
			mainGroup = 29B97314FDCFA39411CA2CEA /* Set Icon */;
			projectDirPath = "";
			projectRoot = "";
			targets = (
				8D1107260486CEB800E47090 /* Set Icon */,
				FA1602F20D98816700C80C50 /* SetHasCustomIcon */,
				FADD84220D99123E00C5CFF6 /* Updates */,
			);
		};
/* End PBXProject section */

/* Begin PBXResourcesBuildPhase section */
		8D1107290486CEB800E47090 /* Resources */ = {
			isa = PBXResourcesBuildPhase;
			buildActionMask = 2147483647;
			files = (
				FAE9E8380D969A8F00854FC8 /* InfoPlist.strings in Resources */,
				FA5BE4930D986C9700C1A937 /* Credits.rtf in Resources */,
				FADD87550D9947C500C5CFF6 /* SI_Icon.icns in Resources */,
				FA63065D0D9A9B3F00F27C65 /* ChangeLog.rtf in Resources */,
				FA1373700E10E5F00092B471 /* SI_Menu.xib in Resources */,
				FA1373980E10E6030092B471 /* SI_Main.xib in Resources */,
				FA1373A00E10E6130092B471 /* SI_ChangeLog.xib in Resources */,
			);
			runOnlyForDeploymentPostprocessing = 0;
		};
		FADD841F0D99123E00C5CFF6 /* Resources */ = {
			isa = PBXResourcesBuildPhase;
			buildActionMask = 2147483647;
			files = (
				FADD871F0D992DF700C5CFF6 /* SI_UpdateIcon.tif in Resources */,
				FA1373BD0E10E6FA0092B471 /* SI_UpdatesView.xib in Resources */,
			);
			runOnlyForDeploymentPostprocessing = 0;
		};
/* End PBXResourcesBuildPhase section */

/* Begin PBXSourcesBuildPhase section */
		8D11072C0486CEB800E47090 /* Sources */ = {
			isa = PBXSourcesBuildPhase;
			buildActionMask = 2147483647;
			files = (
				8D11072D0486CEB800E47090 /* main.m in Sources */,
				FAB52C680D96A14100DAD8D5 /* SI_MenuController.m in Sources */,
				FAB52C690D96A14100DAD8D5 /* SI_WindowController.m in Sources */,
				FAB52D7A0D96AFCD00DAD8D5 /* SI_MainController.m in Sources */,
				FAA4E94E0D971B3F0062DD8D /* DPImageView.m in Sources */,
				FA5BE1740D981F4C00C1A937 /* DPAuthFileManager.m in Sources */,
				FADD83D30D9910DF00C5CFF6 /* SS_PrefsController.m in Sources */,
				FADD86570D99237500C5CFF6 /* SI_StartupChecks.m in Sources */,
				FA6E9D450D9D554B00276786 /* SI_ChangeLogController.m in Sources */,
				FAEB499D0E11144D002756FC /* NSImage+IconData.m in Sources */,
				FAA9B4200F93A5C300838141 /* NSImage+MGCropExtensions.m in Sources */,
			);
			runOnlyForDeploymentPostprocessing = 0;
		};
		FA1602F00D98816700C80C50 /* Sources */ = {
			isa = PBXSourcesBuildPhase;
			buildActionMask = 2147483647;
			files = (
				FA1603AD0D98817C00C80C50 /* SetHasCustomIcon.c in Sources */,
			);
			runOnlyForDeploymentPostprocessing = 0;
		};
		FADD84200D99123E00C5CFF6 /* Sources */ = {
			isa = PBXSourcesBuildPhase;
			buildActionMask = 2147483647;
			files = (
				FADD84980D99157200C5CFF6 /* SI_UpdatePrefController.m in Sources */,
			);
			runOnlyForDeploymentPostprocessing = 0;
		};
/* End PBXSourcesBuildPhase section */

/* Begin PBXTargetDependency section */
		FA1603C00D9881C800C80C50 /* PBXTargetDependency */ = {
			isa = PBXTargetDependency;
			target = FA1602F20D98816700C80C50 /* SetHasCustomIcon */;
			targetProxy = FA1603BF0D9881C800C80C50 /* PBXContainerItemProxy */;
		};
		FADD84320D99130800C5CFF6 /* PBXTargetDependency */ = {
			isa = PBXTargetDependency;
			target = FADD84220D99123E00C5CFF6 /* Updates */;
			targetProxy = FADD84310D99130800C5CFF6 /* PBXContainerItemProxy */;
		};
/* End PBXTargetDependency section */

/* Begin XCBuildConfiguration section */
		C01FCF4B08A954540054247B /* Debug */ = {
			isa = XCBuildConfiguration;
			buildSettings = {
				ALWAYS_SEARCH_USER_PATHS = NO;
				COPY_PHASE_STRIP = NO;
				FRAMEWORK_SEARCH_PATHS = (
					"$(inherited)",
					"\"$(SRCROOT)\"",
				);
				GCC_DYNAMIC_NO_PIC = NO;
				GCC_ENABLE_FIX_AND_CONTINUE = YES;
				GCC_MODEL_TUNING = G5;
				GCC_OPTIMIZATION_LEVEL = 0;
				GCC_PRECOMPILE_PREFIX_HEADER = YES;
				GCC_PREFIX_HEADER = "Set Icon_Prefix.pch";
				INFOPLIST_FILE = Info.plist;
				INSTALL_PATH = "$(HOME)/Applications";
				PRODUCT_NAME = "Set Icon";
			};
			name = Debug;
		};
		C01FCF4C08A954540054247B /* Release */ = {
			isa = XCBuildConfiguration;
			buildSettings = {
				ALWAYS_SEARCH_USER_PATHS = NO;
				DEBUG_INFORMATION_FORMAT = "dwarf-with-dsym";
				FRAMEWORK_SEARCH_PATHS = (
					"$(inherited)",
					"\"$(SRCROOT)\"",
				);
				GCC_MODEL_TUNING = G5;
				GCC_PRECOMPILE_PREFIX_HEADER = YES;
				GCC_PREFIX_HEADER = "Set Icon_Prefix.pch";
				INFOPLIST_FILE = Info.plist;
				INSTALL_PATH = "$(HOME)/Applications";
				PRODUCT_NAME = "Set Icon";
			};
			name = Release;
		};
		C01FCF4F08A954540054247B /* Debug */ = {
			isa = XCBuildConfiguration;
			buildSettings = {
				ALWAYS_SEARCH_USER_PATHS = NO;
				ARCHS = "$(ARCHS_STANDARD_32_64_BIT)";
				GCC_OPTIMIZATION_LEVEL = 0;
				GCC_WARN_ABOUT_RETURN_TYPE = YES;
				GCC_WARN_UNUSED_VARIABLE = YES;
				ONLY_ACTIVE_ARCH = YES;
				PREBINDING = NO;
				SDKROOT = macosx10.5;
			};
			name = Debug;
		};
		C01FCF5008A954540054247B /* Release */ = {
			isa = XCBuildConfiguration;
			buildSettings = {
				ALWAYS_SEARCH_USER_PATHS = NO;
				ARCHS = "$(ARCHS_STANDARD_32_64_BIT)";
				GCC_WARN_ABOUT_RETURN_TYPE = YES;
				GCC_WARN_UNUSED_VARIABLE = YES;
				PREBINDING = NO;
				SDKROOT = macosx10.5;
			};
			name = Release;
		};
		FA1602F50D98816800C80C50 /* Debug */ = {
			isa = XCBuildConfiguration;
			buildSettings = {
				ALWAYS_SEARCH_USER_PATHS = NO;
				ARCHS = "$(ARCHS_STANDARD_32_BIT)";
				COPY_PHASE_STRIP = NO;
				GCC_DYNAMIC_NO_PIC = NO;
				GCC_ENABLE_FIX_AND_CONTINUE = YES;
				GCC_MODEL_TUNING = G5;
				GCC_OPTIMIZATION_LEVEL = 0;
				INSTALL_PATH = /usr/local/bin;
				PREBINDING = NO;
				PRODUCT_NAME = SetHasCustomIcon;
			};
			name = Debug;
		};
		FA1602F60D98816800C80C50 /* Release */ = {
			isa = XCBuildConfiguration;
			buildSettings = {
				ALWAYS_SEARCH_USER_PATHS = NO;
				ARCHS = "$(ARCHS_STANDARD_32_BIT)";
				COPY_PHASE_STRIP = YES;
				DEBUG_INFORMATION_FORMAT = "dwarf-with-dsym";
				GCC_ENABLE_FIX_AND_CONTINUE = NO;
				GCC_MODEL_TUNING = G5;
				INSTALL_PATH = /usr/local/bin;
				PREBINDING = NO;
				PRODUCT_NAME = SetHasCustomIcon;
				ZERO_LINK = NO;
			};
			name = Release;
		};
		FADD84240D99123E00C5CFF6 /* Debug */ = {
			isa = XCBuildConfiguration;
			buildSettings = {
				ALWAYS_SEARCH_USER_PATHS = NO;
				ARCHS = "$(ARCHS_STANDARD_32_BIT)";
				COPY_PHASE_STRIP = NO;
				GCC_DYNAMIC_NO_PIC = NO;
				GCC_ENABLE_FIX_AND_CONTINUE = YES;
				GCC_MODEL_TUNING = G5;
				GCC_OPTIMIZATION_LEVEL = 0;
				GCC_PRECOMPILE_PREFIX_HEADER = YES;
				GCC_PREFIX_HEADER = "$(SYSTEM_LIBRARY_DIR)/Frameworks/AppKit.framework/Headers/AppKit.h";
				INFOPLIST_FILE = "Updates-Info.plist";
				INSTALL_PATH = "$(HOME)/Library/Bundles";
				OTHER_LDFLAGS = (
					"-framework",
					Foundation,
					"-framework",
					AppKit,
				);
				PREBINDING = NO;
				PRODUCT_NAME = Updates;
				WRAPPER_EXTENSION = preferencePane;
			};
			name = Debug;
		};
		FADD84250D99123E00C5CFF6 /* Release */ = {
			isa = XCBuildConfiguration;
			buildSettings = {
				ALWAYS_SEARCH_USER_PATHS = NO;
				ARCHS = "$(ARCHS_STANDARD_32_BIT)";
				COPY_PHASE_STRIP = YES;
				DEBUG_INFORMATION_FORMAT = "dwarf-with-dsym";
				GCC_ENABLE_FIX_AND_CONTINUE = NO;
				GCC_MODEL_TUNING = G5;
				GCC_PRECOMPILE_PREFIX_HEADER = YES;
				GCC_PREFIX_HEADER = "$(SYSTEM_LIBRARY_DIR)/Frameworks/AppKit.framework/Headers/AppKit.h";
				INFOPLIST_FILE = "Updates-Info.plist";
				INSTALL_PATH = "$(HOME)/Library/Bundles";
				OTHER_LDFLAGS = (
					"-framework",
					Foundation,
					"-framework",
					AppKit,
				);
				PREBINDING = NO;
				PRODUCT_NAME = Updates;
				WRAPPER_EXTENSION = preferencePane;
				ZERO_LINK = NO;
			};
			name = Release;
		};
/* End XCBuildConfiguration section */

/* Begin XCConfigurationList section */
		C01FCF4A08A954540054247B /* Build configuration list for PBXNativeTarget "Set Icon" */ = {
			isa = XCConfigurationList;
			buildConfigurations = (
				C01FCF4B08A954540054247B /* Debug */,
				C01FCF4C08A954540054247B /* Release */,
			);
			defaultConfigurationIsVisible = 0;
			defaultConfigurationName = Release;
		};
		C01FCF4E08A954540054247B /* Build configuration list for PBXProject "Set Icon" */ = {
			isa = XCConfigurationList;
			buildConfigurations = (
				C01FCF4F08A954540054247B /* Debug */,
				C01FCF5008A954540054247B /* Release */,
			);
			defaultConfigurationIsVisible = 0;
			defaultConfigurationName = Release;
		};
		FA1603B20D98819A00C80C50 /* Build configuration list for PBXNativeTarget "SetHasCustomIcon" */ = {
			isa = XCConfigurationList;
			buildConfigurations = (
				FA1602F50D98816800C80C50 /* Debug */,
				FA1602F60D98816800C80C50 /* Release */,
			);
			defaultConfigurationIsVisible = 0;
			defaultConfigurationName = Release;
		};
		FADD84260D99125C00C5CFF6 /* Build configuration list for PBXNativeTarget "Updates" */ = {
			isa = XCConfigurationList;
			buildConfigurations = (
				FADD84240D99123E00C5CFF6 /* Debug */,
				FADD84250D99123E00C5CFF6 /* Release */,
			);
			defaultConfigurationIsVisible = 0;
			defaultConfigurationName = Release;
		};
/* End XCConfigurationList section */
	};
	rootObject = 29B97313FDCFA39411CA2CEA /* Project object */;
}
